// !$*UTF8*$!
{
	archiveVersion = 1;
	classes = {
	};
	objectVersion = 46;
	objects = {

/* Begin PBXBuildFile section */
		BA33B2B51ACAB4FF00170D29 /* AppDelegate.swift in Sources */ = {isa = PBXBuildFile; fileRef = BA33B2B41ACAB4FF00170D29 /* AppDelegate.swift */; };
		BA33B2B71ACAB4FF00170D29 /* MainViewController.swift in Sources */ = {isa = PBXBuildFile; fileRef = BA33B2B61ACAB4FF00170D29 /* MainViewController.swift */; };
		BA33B2BA1ACAB4FF00170D29 /* Main.storyboard in Resources */ = {isa = PBXBuildFile; fileRef = BA33B2B81ACAB4FF00170D29 /* Main.storyboard */; };
		BA33B2BC1ACAB4FF00170D29 /* Images.xcassets in Resources */ = {isa = PBXBuildFile; fileRef = BA33B2BB1ACAB4FF00170D29 /* Images.xcassets */; };
		BA33B2BF1ACAB4FF00170D29 /* LaunchScreen.xib in Resources */ = {isa = PBXBuildFile; fileRef = BA33B2BD1ACAB4FF00170D29 /* LaunchScreen.xib */; };
		BA33B2CB1ACAB50000170D29 /* who_can_i_vote_forTests.swift in Sources */ = {isa = PBXBuildFile; fileRef = BA33B2CA1ACAB50000170D29 /* who_can_i_vote_forTests.swift */; };
		BA33B2E81ACAB71900170D29 /* Alamofire.swift in Sources */ = {isa = PBXBuildFile; fileRef = BA33B2E71ACAB71900170D29 /* Alamofire.swift */; };
		BA6D49291ACB1977003B004A /* README.md in Sources */ = {isa = PBXBuildFile; fileRef = BA6D49281ACB1977003B004A /* README.md */; };
		BA6D492B1ACB1995003B004A /* LICENSE.md in Sources */ = {isa = PBXBuildFile; fileRef = BA6D492A1ACB1995003B004A /* LICENSE.md */; };
		BA6D49751ACB1B7C003B004A /* Reachability.swift in Sources */ = {isa = PBXBuildFile; fileRef = BA6D49741ACB1B7C003B004A /* Reachability.swift */; };
/* End PBXBuildFile section */

/* Begin PBXContainerItemProxy section */
		BA33B2C51ACAB50000170D29 /* PBXContainerItemProxy */ = {
			isa = PBXContainerItemProxy;
			containerPortal = BA33B2A71ACAB4FF00170D29 /* Project object */;
			proxyType = 1;
			remoteGlobalIDString = BA33B2AE1ACAB4FF00170D29;
			remoteInfo = "who-can-i-vote-for";
		};
/* End PBXContainerItemProxy section */

/* Begin PBXCopyFilesBuildPhase section */
		BA33B2E51ACAB6BA00170D29 /* Copy Frameworks */ = {
			isa = PBXCopyFilesBuildPhase;
			buildActionMask = 2147483647;
			dstPath = "";
			dstSubfolderSpec = 10;
			files = (
			);
			name = "Copy Frameworks";
			runOnlyForDeploymentPostprocessing = 0;
		};
/* End PBXCopyFilesBuildPhase section */

/* Begin PBXFileReference section */
		BA33B2AF1ACAB4FF00170D29 /* who-can-i-vote-for.app */ = {isa = PBXFileReference; explicitFileType = wrapper.application; includeInIndex = 0; path = "who-can-i-vote-for.app"; sourceTree = BUILT_PRODUCTS_DIR; };
		BA33B2B31ACAB4FF00170D29 /* Info.plist */ = {isa = PBXFileReference; lastKnownFileType = text.plist.xml; path = Info.plist; sourceTree = "<group>"; };
		BA33B2B41ACAB4FF00170D29 /* AppDelegate.swift */ = {isa = PBXFileReference; lastKnownFileType = sourcecode.swift; path = AppDelegate.swift; sourceTree = "<group>"; };
		BA33B2B61ACAB4FF00170D29 /* MainViewController.swift */ = {isa = PBXFileReference; lastKnownFileType = sourcecode.swift; path = MainViewController.swift; sourceTree = "<group>"; };
		BA33B2B91ACAB4FF00170D29 /* Base */ = {isa = PBXFileReference; lastKnownFileType = file.storyboard; name = Base; path = Base.lproj/Main.storyboard; sourceTree = "<group>"; };
		BA33B2BB1ACAB4FF00170D29 /* Images.xcassets */ = {isa = PBXFileReference; lastKnownFileType = folder.assetcatalog; path = Images.xcassets; sourceTree = "<group>"; };
		BA33B2BE1ACAB4FF00170D29 /* Base */ = {isa = PBXFileReference; lastKnownFileType = file.xib; name = Base; path = Base.lproj/LaunchScreen.xib; sourceTree = "<group>"; };
		BA33B2C41ACAB50000170D29 /* who-can-i-vote-forTests.xctest */ = {isa = PBXFileReference; explicitFileType = wrapper.cfbundle; includeInIndex = 0; path = "who-can-i-vote-forTests.xctest"; sourceTree = BUILT_PRODUCTS_DIR; };
		BA33B2C91ACAB50000170D29 /* Info.plist */ = {isa = PBXFileReference; lastKnownFileType = text.plist.xml; path = Info.plist; sourceTree = "<group>"; };
		BA33B2CA1ACAB50000170D29 /* who_can_i_vote_forTests.swift */ = {isa = PBXFileReference; lastKnownFileType = sourcecode.swift; path = who_can_i_vote_forTests.swift; sourceTree = "<group>"; };
		BA33B2E71ACAB71900170D29 /* Alamofire.swift */ = {isa = PBXFileReference; lastKnownFileType = sourcecode.swift; name = Alamofire.swift; path = Alamofire/Source/Alamofire.swift; sourceTree = "<group>"; };
		BA6D49281ACB1977003B004A /* README.md */ = {isa = PBXFileReference; fileEncoding = 4; lastKnownFileType = net.daringfireball.markdown; path = README.md; sourceTree = "<group>"; };
		BA6D492A1ACB1995003B004A /* LICENSE.md */ = {isa = PBXFileReference; fileEncoding = 4; lastKnownFileType = net.daringfireball.markdown; path = LICENSE.md; sourceTree = "<group>"; };
		BA6D49741ACB1B7C003B004A /* Reachability.swift */ = {isa = PBXFileReference; fileEncoding = 4; lastKnownFileType = sourcecode.swift; name = Reachability.swift; path = Reachability/Reachability.swift; sourceTree = "<group>"; };
/* End PBXFileReference section */

/* Begin PBXFrameworksBuildPhase section */
		BA33B2AC1ACAB4FF00170D29 /* Frameworks */ = {
			isa = PBXFrameworksBuildPhase;
			buildActionMask = 2147483647;
			files = (
			);
			runOnlyForDeploymentPostprocessing = 0;
		};
		BA33B2C11ACAB50000170D29 /* Frameworks */ = {
			isa = PBXFrameworksBuildPhase;
			buildActionMask = 2147483647;
			files = (
			);
			runOnlyForDeploymentPostprocessing = 0;
		};
/* End PBXFrameworksBuildPhase section */

/* Begin PBXGroup section */
		BA33B2A61ACAB4FF00170D29 = {
			isa = PBXGroup;
			children = (
				BA6D49741ACB1B7C003B004A /* Reachability.swift */,
				BA6D492A1ACB1995003B004A /* LICENSE.md */,
				BA6D49281ACB1977003B004A /* README.md */,
				BA33B2E71ACAB71900170D29 /* Alamofire.swift */,
				BA33B2B11ACAB4FF00170D29 /* who-can-i-vote-for */,
				BA33B2C71ACAB50000170D29 /* who-can-i-vote-forTests */,
				BA33B2B01ACAB4FF00170D29 /* Products */,
			);
			sourceTree = "<group>";
		};
		BA33B2B01ACAB4FF00170D29 /* Products */ = {
			isa = PBXGroup;
			children = (
				BA33B2AF1ACAB4FF00170D29 /* who-can-i-vote-for.app */,
				BA33B2C41ACAB50000170D29 /* who-can-i-vote-forTests.xctest */,
			);
			name = Products;
			sourceTree = "<group>";
		};
		BA33B2B11ACAB4FF00170D29 /* who-can-i-vote-for */ = {
			isa = PBXGroup;
			children = (
				BA33B2B41ACAB4FF00170D29 /* AppDelegate.swift */,
				BA33B2B61ACAB4FF00170D29 /* MainViewController.swift */,
				BA33B2B81ACAB4FF00170D29 /* Main.storyboard */,
				BA33B2BB1ACAB4FF00170D29 /* Images.xcassets */,
				BA33B2BD1ACAB4FF00170D29 /* LaunchScreen.xib */,
				BA33B2B21ACAB4FF00170D29 /* Supporting Files */,
			);
			path = "who-can-i-vote-for";
			sourceTree = "<group>";
		};
		BA33B2B21ACAB4FF00170D29 /* Supporting Files */ = {
			isa = PBXGroup;
			children = (
				BA33B2B31ACAB4FF00170D29 /* Info.plist */,
			);
			name = "Supporting Files";
			sourceTree = "<group>";
		};
		BA33B2C71ACAB50000170D29 /* who-can-i-vote-forTests */ = {
			isa = PBXGroup;
			children = (
				BA33B2CA1ACAB50000170D29 /* who_can_i_vote_forTests.swift */,
				BA33B2C81ACAB50000170D29 /* Supporting Files */,
			);
			path = "who-can-i-vote-forTests";
			sourceTree = "<group>";
		};
		BA33B2C81ACAB50000170D29 /* Supporting Files */ = {
			isa = PBXGroup;
			children = (
				BA33B2C91ACAB50000170D29 /* Info.plist */,
			);
			name = "Supporting Files";
			sourceTree = "<group>";
		};
/* End PBXGroup section */

/* Begin PBXNativeTarget section */
		BA33B2AE1ACAB4FF00170D29 /* who-can-i-vote-for */ = {
			isa = PBXNativeTarget;
			buildConfigurationList = BA33B2CE1ACAB50000170D29 /* Build configuration list for PBXNativeTarget "who-can-i-vote-for" */;
			buildPhases = (
				BA33B2AB1ACAB4FF00170D29 /* Sources */,
				BA33B2AC1ACAB4FF00170D29 /* Frameworks */,
				BA33B2AD1ACAB4FF00170D29 /* Resources */,
				BA33B2E51ACAB6BA00170D29 /* Copy Frameworks */,
			);
			buildRules = (
			);
			dependencies = (
			);
			name = "who-can-i-vote-for";
			productName = "who-can-i-vote-for";
			productReference = BA33B2AF1ACAB4FF00170D29 /* who-can-i-vote-for.app */;
			productType = "com.apple.product-type.application";
		};
		BA33B2C31ACAB50000170D29 /* who-can-i-vote-forTests */ = {
			isa = PBXNativeTarget;
			buildConfigurationList = BA33B2D11ACAB50000170D29 /* Build configuration list for PBXNativeTarget "who-can-i-vote-forTests" */;
			buildPhases = (
				BA33B2C01ACAB50000170D29 /* Sources */,
				BA33B2C11ACAB50000170D29 /* Frameworks */,
				BA33B2C21ACAB50000170D29 /* Resources */,
			);
			buildRules = (
			);
			dependencies = (
				BA33B2C61ACAB50000170D29 /* PBXTargetDependency */,
			);
			name = "who-can-i-vote-forTests";
			productName = "who-can-i-vote-forTests";
			productReference = BA33B2C41ACAB50000170D29 /* who-can-i-vote-forTests.xctest */;
			productType = "com.apple.product-type.bundle.unit-test";
		};
/* End PBXNativeTarget section */

/* Begin PBXProject section */
		BA33B2A71ACAB4FF00170D29 /* Project object */ = {
			isa = PBXProject;
			attributes = {
				LastUpgradeCheck = 0620;
				ORGANIZATIONNAME = djmckee;
				TargetAttributes = {
					BA33B2AE1ACAB4FF00170D29 = {
						CreatedOnToolsVersion = 6.2;
					};
					BA33B2C31ACAB50000170D29 = {
						CreatedOnToolsVersion = 6.2;
						TestTargetID = BA33B2AE1ACAB4FF00170D29;
					};
				};
			};
			buildConfigurationList = BA33B2AA1ACAB4FF00170D29 /* Build configuration list for PBXProject "who-can-i-vote-for" */;
			compatibilityVersion = "Xcode 3.2";
			developmentRegion = English;
			hasScannedForEncodings = 0;
			knownRegions = (
				en,
				Base,
			);
			mainGroup = BA33B2A61ACAB4FF00170D29;
			productRefGroup = BA33B2B01ACAB4FF00170D29 /* Products */;
			projectDirPath = "";
			projectRoot = "";
			targets = (
				BA33B2AE1ACAB4FF00170D29 /* who-can-i-vote-for */,
				BA33B2C31ACAB50000170D29 /* who-can-i-vote-forTests */,
			);
		};
/* End PBXProject section */

/* Begin PBXResourcesBuildPhase section */
		BA33B2AD1ACAB4FF00170D29 /* Resources */ = {
			isa = PBXResourcesBuildPhase;
			buildActionMask = 2147483647;
			files = (
				BA33B2BA1ACAB4FF00170D29 /* Main.storyboard in Resources */,
				BA33B2BF1ACAB4FF00170D29 /* LaunchScreen.xib in Resources */,
				BA33B2BC1ACAB4FF00170D29 /* Images.xcassets in Resources */,
			);
			runOnlyForDeploymentPostprocessing = 0;
		};
		BA33B2C21ACAB50000170D29 /* Resources */ = {
			isa = PBXResourcesBuildPhase;
			buildActionMask = 2147483647;
			files = (
			);
			runOnlyForDeploymentPostprocessing = 0;
		};
/* End PBXResourcesBuildPhase section */

/* Begin PBXSourcesBuildPhase section */
		BA33B2AB1ACAB4FF00170D29 /* Sources */ = {
			isa = PBXSourcesBuildPhase;
			buildActionMask = 2147483647;
			files = (
				BA6D49751ACB1B7C003B004A /* Reachability.swift in Sources */,
				BA6D492B1ACB1995003B004A /* LICENSE.md in Sources */,
				BA33B2E81ACAB71900170D29 /* Alamofire.swift in Sources */,
				BA33B2B71ACAB4FF00170D29 /* MainViewController.swift in Sources */,
				BA6D49291ACB1977003B004A /* README.md in Sources */,
				BA33B2B51ACAB4FF00170D29 /* AppDelegate.swift in Sources */,
			);
			runOnlyForDeploymentPostprocessing = 0;
		};
		BA33B2C01ACAB50000170D29 /* Sources */ = {
			isa = PBXSourcesBuildPhase;
			buildActionMask = 2147483647;
			files = (
				BA33B2CB1ACAB50000170D29 /* who_can_i_vote_forTests.swift in Sources */,
			);
			runOnlyForDeploymentPostprocessing = 0;
		};
/* End PBXSourcesBuildPhase section */

/* Begin PBXTargetDependency section */
		BA33B2C61ACAB50000170D29 /* PBXTargetDependency */ = {
			isa = PBXTargetDependency;
			target = BA33B2AE1ACAB4FF00170D29 /* who-can-i-vote-for */;
			targetProxy = BA33B2C51ACAB50000170D29 /* PBXContainerItemProxy */;
		};
/* End PBXTargetDependency section */

/* Begin PBXVariantGroup section */
		BA33B2B81ACAB4FF00170D29 /* Main.storyboard */ = {
			isa = PBXVariantGroup;
			children = (
				BA33B2B91ACAB4FF00170D29 /* Base */,
			);
			name = Main.storyboard;
			sourceTree = "<group>";
		};
		BA33B2BD1ACAB4FF00170D29 /* LaunchScreen.xib */ = {
			isa = PBXVariantGroup;
			children = (
				BA33B2BE1ACAB4FF00170D29 /* Base */,
			);
			name = LaunchScreen.xib;
			sourceTree = "<group>";
		};
/* End PBXVariantGroup section */

/* Begin XCBuildConfiguration section */
		BA33B2CC1ACAB50000170D29 /* Debug */ = {
			isa = XCBuildConfiguration;
			buildSettings = {
				ALWAYS_SEARCH_USER_PATHS = NO;
				CLANG_CXX_LANGUAGE_STANDARD = "gnu++0x";
				CLANG_CXX_LIBRARY = "libc++";
				CLANG_ENABLE_MODULES = YES;
				CLANG_ENABLE_OBJC_ARC = YES;
				CLANG_WARN_BOOL_CONVERSION = YES;
				CLANG_WARN_CONSTANT_CONVERSION = YES;
				CLANG_WARN_DIRECT_OBJC_ISA_USAGE = YES_ERROR;
				CLANG_WARN_EMPTY_BODY = YES;
				CLANG_WARN_ENUM_CONVERSION = YES;
				CLANG_WARN_INT_CONVERSION = YES;
				CLANG_WARN_OBJC_ROOT_CLASS = YES_ERROR;
				CLANG_WARN_UNREACHABLE_CODE = YES;
				CLANG_WARN__DUPLICATE_METHOD_MATCH = YES;
				"CODE_SIGN_IDENTITY[sdk=iphoneos*]" = "iPhone Developer";
				COPY_PHASE_STRIP = NO;
				ENABLE_STRICT_OBJC_MSGSEND = YES;
				GCC_C_LANGUAGE_STANDARD = gnu99;
				GCC_DYNAMIC_NO_PIC = NO;
				GCC_OPTIMIZATION_LEVEL = 0;
				GCC_PREPROCESSOR_DEFINITIONS = (
					"DEBUG=1",
					"$(inherited)",
				);
				GCC_SYMBOLS_PRIVATE_EXTERN = NO;
				GCC_WARN_64_TO_32_BIT_CONVERSION = YES;
				GCC_WARN_ABOUT_RETURN_TYPE = YES_ERROR;
				GCC_WARN_UNDECLARED_SELECTOR = YES;
				GCC_WARN_UNINITIALIZED_AUTOS = YES_AGGRESSIVE;
				GCC_WARN_UNUSED_FUNCTION = YES;
				GCC_WARN_UNUSED_VARIABLE = YES;
				IPHONEOS_DEPLOYMENT_TARGET = 7.0;
				MTL_ENABLE_DEBUG_INFO = YES;
				ONLY_ACTIVE_ARCH = YES;
				SDKROOT = iphoneos;
				SWIFT_OPTIMIZATION_LEVEL = "-Onone";
			};
			name = Debug;
		};
		BA33B2CD1ACAB50000170D29 /* Release */ = {
			isa = XCBuildConfiguration;
			buildSettings = {
				ALWAYS_SEARCH_USER_PATHS = NO;
				CLANG_CXX_LANGUAGE_STANDARD = "gnu++0x";
				CLANG_CXX_LIBRARY = "libc++";
				CLANG_ENABLE_MODULES = YES;
				CLANG_ENABLE_OBJC_ARC = YES;
				CLANG_WARN_BOOL_CONVERSION = YES;
				CLANG_WARN_CONSTANT_CONVERSION = YES;
				CLANG_WARN_DIRECT_OBJC_ISA_USAGE = YES_ERROR;
				CLANG_WARN_EMPTY_BODY = YES;
				CLANG_WARN_ENUM_CONVERSION = YES;
				CLANG_WARN_INT_CONVERSION = YES;
				CLANG_WARN_OBJC_ROOT_CLASS = YES_ERROR;
				CLANG_WARN_UNREACHABLE_CODE = YES;
				CLANG_WARN__DUPLICATE_METHOD_MATCH = YES;
				"CODE_SIGN_IDENTITY[sdk=iphoneos*]" = "iPhone Developer";
				COPY_PHASE_STRIP = NO;
				ENABLE_NS_ASSERTIONS = NO;
				ENABLE_STRICT_OBJC_MSGSEND = YES;
				GCC_C_LANGUAGE_STANDARD = gnu99;
				GCC_WARN_64_TO_32_BIT_CONVERSION = YES;
				GCC_WARN_ABOUT_RETURN_TYPE = YES_ERROR;
				GCC_WARN_UNDECLARED_SELECTOR = YES;
				GCC_WARN_UNINITIALIZED_AUTOS = YES_AGGRESSIVE;
				GCC_WARN_UNUSED_FUNCTION = YES;
				GCC_WARN_UNUSED_VARIABLE = YES;
				IPHONEOS_DEPLOYMENT_TARGET = 7.0;
				MTL_ENABLE_DEBUG_INFO = NO;
				SDKROOT = iphoneos;
				VALIDATE_PRODUCT = YES;
			};
			name = Release;
		};
		BA33B2CF1ACAB50000170D29 /* Debug */ = {
			isa = XCBuildConfiguration;
			buildSettings = {
				ASSETCATALOG_COMPILER_APPICON_NAME = AppIcon;
				INFOPLIST_FILE = "who-can-i-vote-for/Info.plist";
				IPHONEOS_DEPLOYMENT_TARGET = 7.0;
				LD_RUNPATH_SEARCH_PATHS = "$(inherited) @executable_path/Frameworks";
				PRODUCT_NAME = "$(TARGET_NAME)";
			};
			name = Debug;
		};
		BA33B2D01ACAB50000170D29 /* Release */ = {
			isa = XCBuildConfiguration;
			buildSettings = {
				ASSETCATALOG_COMPILER_APPICON_NAME = AppIcon;
				INFOPLIST_FILE = "who-can-i-vote-for/Info.plist";
				IPHONEOS_DEPLOYMENT_TARGET = 7.0;
				LD_RUNPATH_SEARCH_PATHS = "$(inherited) @executable_path/Frameworks";
				PRODUCT_NAME = "$(TARGET_NAME)";
			};
			name = Release;
		};
		BA33B2D21ACAB50000170D29 /* Debug */ = {
			isa = XCBuildConfiguration;
			buildSettings = {
				BUNDLE_LOADER = "$(TEST_HOST)";
				FRAMEWORK_SEARCH_PATHS = (
					"$(SDKROOT)/Developer/Library/Frameworks",
					"$(inherited)",
				);
				GCC_PREPROCESSOR_DEFINITIONS = (
					"DEBUG=1",
					"$(inherited)",
				);
				INFOPLIST_FILE = "who-can-i-vote-forTests/Info.plist";
				LD_RUNPATH_SEARCH_PATHS = "$(inherited) @executable_path/Frameworks @loader_path/Frameworks";
				PRODUCT_NAME = "$(TARGET_NAME)";
				TEST_HOST = "$(BUILT_PRODUCTS_DIR)/who-can-i-vote-for.app/who-can-i-vote-for";
			};
			name = Debug;
		};
		BA33B2D31ACAB50000170D29 /* Release */ = {
			isa = XCBuildConfiguration;
			buildSettings = {
				BUNDLE_LOADER = "$(TEST_HOST)";
				FRAMEWORK_SEARCH_PATHS = (
					"$(SDKROOT)/Developer/Library/Frameworks",
					"$(inherited)",
				);
				INFOPLIST_FILE = "who-can-i-vote-forTests/Info.plist";
				LD_RUNPATH_SEARCH_PATHS = "$(inherited) @executable_path/Frameworks @loader_path/Frameworks";
				PRODUCT_NAME = "$(TARGET_NAME)";
				TEST_HOST = "$(BUILT_PRODUCTS_DIR)/who-can-i-vote-for.app/who-can-i-vote-for";
			};
			name = Release;
		};
/* End XCBuildConfiguration section */

/* Begin XCConfigurationList section */
		BA33B2AA1ACAB4FF00170D29 /* Build configuration list for PBXProject "who-can-i-vote-for" */ = {
			isa = XCConfigurationList;
			buildConfigurations = (
				BA33B2CC1ACAB50000170D29 /* Debug */,
				BA33B2CD1ACAB50000170D29 /* Release */,
			);
			defaultConfigurationIsVisible = 0;
			defaultConfigurationName = Release;
		};
		BA33B2CE1ACAB50000170D29 /* Build configuration list for PBXNativeTarget "who-can-i-vote-for" */ = {
			isa = XCConfigurationList;
			buildConfigurations = (
				BA33B2CF1ACAB50000170D29 /* Debug */,
				BA33B2D01ACAB50000170D29 /* Release */,
			);
			defaultConfigurationIsVisible = 0;
			defaultConfigurationName = Release;
		};
		BA33B2D11ACAB50000170D29 /* Build configuration list for PBXNativeTarget "who-can-i-vote-forTests" */ = {
			isa = XCConfigurationList;
			buildConfigurations = (
				BA33B2D21ACAB50000170D29 /* Debug */,
				BA33B2D31ACAB50000170D29 /* Release */,
			);
			defaultConfigurationIsVisible = 0;
			defaultConfigurationName = Release;
		};
/* End XCConfigurationList section */
	};
	rootObject = BA33B2A71ACAB4FF00170D29 /* Project object */;
}
