PODS:
  - Alamofire (4.4.0)
  - PermissionScope (1.1.1)
  - ReachabilitySwift (3)
  - SwiftSpinner (1.2.1)

DEPENDENCIES:
  - Alamofire (~> 4.4)
  - PermissionScope
  - ReachabilitySwift (~> 3)
  - SwiftSpinner (~> 1.2.1)

SPEC CHECKSUMS:
  Alamofire: dc44b1600b800eb63da6a19039a0083d62a6a62d
  PermissionScope: a30c16e015779ba27c97c124e7539e27b5829de2
  ReachabilitySwift: f5b9bb30a0777fac8f09ce8b067e32faeb29bb64
  SwiftSpinner: 62a28bbb4035f252a1e91b0e17fc40bdbbfa0aab

PODFILE CHECKSUM: 3ca452a0cbdd9319ab4756a12690e8f2a4a3b007

COCOAPODS: 1.0.0
